
Microsoft Visual Studio Solution File, Format Version 12.00
Project("{FAE04EC0-301F-11D3-BF4B-00C04F79EFBC}") = "WaterSystem.API", "WaterSystem.API\WaterSystem.API.csproj", "{0EB2A54B-CCA7-479A-8CC7-E435DA2D4C8C}"
EndProject
Project("{FAE04EC0-301F-11D3-BF4B-00C04F79EFBC}") = "WaterSystem.Domain", "WaterSystem.Domain\WaterSystem.Domain.csproj", "{27BDA47F-BB97-44F4-8F83-08455759A0F6}"
EndProject
Project("{FAE04EC0-301F-11D3-BF4B-00C04F79EFBC}") = "WaterSystem.Data", "WaterSystem.Data\WaterSystem.Data.csproj", "{15D5440F-F47F-406B-BB4C-AF9EDCBEF139}"
EndProject
Project("{FAE04EC0-301F-11D3-BF4B-00C04F79EFBC}") = "WaterSystem.Infra", "WaterSystem.Infra\WaterSystem.Infra.csproj", "{473CB437-9ED3-46B3-B624-0D860EC59D0A}"
EndProject
Project("{FAE04EC0-301F-11D3-BF4B-00C04F79EFBC}") = "WaterSystem.Tests", "WaterSystem.Tests\WaterSystem.Tests.csproj", "{0ECA69FC-45D2-410B-96BC-5B4D203B21AB}"
EndProject
Global
	GlobalSection(SolutionConfigurationPlatforms) = preSolution
		Debug|Any CPU = Debug|Any CPU
		Release|Any CPU = Release|Any CPU
	EndGlobalSection
	GlobalSection(ProjectConfigurationPlatforms) = postSolution
		{0EB2A54B-CCA7-479A-8CC7-E435DA2D4C8C}.Debug|Any CPU.ActiveCfg = Debug|Any CPU
		{0EB2A54B-CCA7-479A-8CC7-E435DA2D4C8C}.Debug|Any CPU.Build.0 = Debug|Any CPU
		{0EB2A54B-CCA7-479A-8CC7-E435DA2D4C8C}.Release|Any CPU.ActiveCfg = Release|Any CPU
		{0EB2A54B-CCA7-479A-8CC7-E435DA2D4C8C}.Release|Any CPU.Build.0 = Release|Any CPU
		{27BDA47F-BB97-44F4-8F83-08455759A0F6}.Debug|Any CPU.ActiveCfg = Debug|Any CPU
		{27BDA47F-BB97-44F4-8F83-08455759A0F6}.Debug|Any CPU.Build.0 = Debug|Any CPU
		{27BDA47F-BB97-44F4-8F83-08455759A0F6}.Release|Any CPU.ActiveCfg = Release|Any CPU
		{27BDA47F-BB97-44F4-8F83-08455759A0F6}.Release|Any CPU.Build.0 = Release|Any CPU
		{15D5440F-F47F-406B-BB4C-AF9EDCBEF139}.Debug|Any CPU.ActiveCfg = Debug|Any CPU
		{15D5440F-F47F-406B-BB4C-AF9EDCBEF139}.Debug|Any CPU.Build.0 = Debug|Any CPU
		{15D5440F-F47F-406B-BB4C-AF9EDCBEF139}.Release|Any CPU.ActiveCfg = Release|Any CPU
		{15D5440F-F47F-406B-BB4C-AF9EDCBEF139}.Release|Any CPU.Build.0 = Release|Any CPU
		{473CB437-9ED3-46B3-B624-0D860EC59D0A}.Debug|Any CPU.ActiveCfg = Debug|Any CPU
		{473CB437-9ED3-46B3-B624-0D860EC59D0A}.Debug|Any CPU.Build.0 = Debug|Any CPU
		{473CB437-9ED3-46B3-B624-0D860EC59D0A}.Release|Any CPU.ActiveCfg = Release|Any CPU
		{473CB437-9ED3-46B3-B624-0D860EC59D0A}.Release|Any CPU.Build.0 = Release|Any CPU
		{0ECA69FC-45D2-410B-96BC-5B4D203B21AB}.Debug|Any CPU.ActiveCfg = Debug|Any CPU
		{0ECA69FC-45D2-410B-96BC-5B4D203B21AB}.Debug|Any CPU.Build.0 = Debug|Any CPU
		{0ECA69FC-45D2-410B-96BC-5B4D203B21AB}.Release|Any CPU.ActiveCfg = Release|Any CPU
		{0ECA69FC-45D2-410B-96BC-5B4D203B21AB}.Release|Any CPU.Build.0 = Release|Any CPU
	EndGlobalSection
EndGlobal
